
Microsoft Visual Studio Solution File, Format Version 12.00
# Visual Studio Version 17
VisualStudioVersion = 17.3.32901.215
MinimumVisualStudioVersion = 10.0.40219.1
Project("{FAE04EC0-301F-11D3-BF4B-00C04F79EFBC}") = "Activity6", "Activity6\Activity6.csproj", "{5B0B6B15-F61F-499E-BEC8-900771919372}"
EndProject
Global
	GlobalSection(SolutionConfigurationPlatforms) = preSolution
		Debug|Any CPU = Debug|Any CPU
		Release|Any CPU = Release|Any CPU
	EndGlobalSection
	GlobalSection(ProjectConfigurationPlatforms) = postSolution
		{5B0B6B15-F61F-499E-BEC8-900771919372}.Debug|Any CPU.ActiveCfg = Debug|Any CPU
		{5B0B6B15-F61F-499E-BEC8-900771919372}.Debug|Any CPU.Build.0 = Debug|Any CPU
		{5B0B6B15-F61F-499E-BEC8-900771919372}.Release|Any CPU.ActiveCfg = Release|Any CPU
		{5B0B6B15-F61F-499E-BEC8-900771919372}.Release|Any CPU.Build.0 = Release|Any CPU
	EndGlobalSection
	GlobalSection(SolutionProperties) = preSolution
		HideSolutionNode = FALSE
	EndGlobalSection
	GlobalSection(ExtensibilityGlobals) = postSolution
		SolutionGuid = {0E2FDBE1-718B-44D2-85F8-C4C0CA43B319}
	EndGlobalSection
EndGlobal
